// !$*UTF8*$!
{
	archiveVersion = 1;
	classes = {
	};
	objectVersion = 56;
	objects = {

/* Begin PBXBuildFile section */
		43104B5E2C83267400626333 /* PercentCalculatorApp.swift in Sources */ = {isa = PBXBuildFile; fileRef = 43104B5D2C83267400626333 /* PercentCalculatorApp.swift */; };
		43104B602C83267400626333 /* ContentView.swift in Sources */ = {isa = PBXBuildFile; fileRef = 43104B5F2C83267400626333 /* ContentView.swift */; };
		43104B622C83267700626333 /* Assets.xcassets in Resources */ = {isa = PBXBuildFile; fileRef = 43104B612C83267700626333 /* Assets.xcassets */; };
		43104B662C83267700626333 /* Preview Assets.xcassets in Resources */ = {isa = PBXBuildFile; fileRef = 43104B652C83267700626333 /* Preview Assets.xcassets */; };
		43104B702C83267900626333 /* PercentCalculatorTests.swift in Sources */ = {isa = PBXBuildFile; fileRef = 43104B6F2C83267900626333 /* PercentCalculatorTests.swift */; };
		43104B7A2C83267900626333 /* PercentCalculatorUITests.swift in Sources */ = {isa = PBXBuildFile; fileRef = 43104B792C83267900626333 /* PercentCalculatorUITests.swift */; };
		43104B7C2C83267900626333 /* PercentCalculatorUITestsLaunchTests.swift in Sources */ = {isa = PBXBuildFile; fileRef = 43104B7B2C83267900626333 /* PercentCalculatorUITestsLaunchTests.swift */; };
/* End PBXBuildFile section */

/* Begin PBXContainerItemProxy section */
		43104B6C2C83267900626333 /* PBXContainerItemProxy */ = {
			isa = PBXContainerItemProxy;
			containerPortal = 43104B522C83267400626333 /* Project object */;
			proxyType = 1;
			remoteGlobalIDString = 43104B592C83267400626333;
			remoteInfo = PercentCalculator;
		};
		43104B762C83267900626333 /* PBXContainerItemProxy */ = {
			isa = PBXContainerItemProxy;
			containerPortal = 43104B522C83267400626333 /* Project object */;
			proxyType = 1;
			remoteGlobalIDString = 43104B592C83267400626333;
			remoteInfo = PercentCalculator;
		};
/* End PBXContainerItemProxy section */

/* Begin PBXFileReference section */
		43104B5A2C83267400626333 /* PercentCalculator.app */ = {isa = PBXFileReference; explicitFileType = wrapper.application; includeInIndex = 0; path = PercentCalculator.app; sourceTree = BUILT_PRODUCTS_DIR; };
		43104B5D2C83267400626333 /* PercentCalculatorApp.swift */ = {isa = PBXFileReference; lastKnownFileType = sourcecode.swift; path = PercentCalculatorApp.swift; sourceTree = "<group>"; };
		43104B5F2C83267400626333 /* ContentView.swift */ = {isa = PBXFileReference; lastKnownFileType = sourcecode.swift; path = ContentView.swift; sourceTree = "<group>"; };
		43104B612C83267700626333 /* Assets.xcassets */ = {isa = PBXFileReference; lastKnownFileType = folder.assetcatalog; path = Assets.xcassets; sourceTree = "<group>"; };
		43104B632C83267700626333 /* PercentCalculator.entitlements */ = {isa = PBXFileReference; lastKnownFileType = text.plist.entitlements; path = PercentCalculator.entitlements; sourceTree = "<group>"; };
		43104B652C83267700626333 /* Preview Assets.xcassets */ = {isa = PBXFileReference; lastKnownFileType = folder.assetcatalog; path = "Preview Assets.xcassets"; sourceTree = "<group>"; };
		43104B6B2C83267900626333 /* PercentCalculatorTests.xctest */ = {isa = PBXFileReference; explicitFileType = wrapper.cfbundle; includeInIndex = 0; path = PercentCalculatorTests.xctest; sourceTree = BUILT_PRODUCTS_DIR; };
		43104B6F2C83267900626333 /* PercentCalculatorTests.swift */ = {isa = PBXFileReference; lastKnownFileType = sourcecode.swift; path = PercentCalculatorTests.swift; sourceTree = "<group>"; };
		43104B752C83267900626333 /* PercentCalculatorUITests.xctest */ = {isa = PBXFileReference; explicitFileType = wrapper.cfbundle; includeInIndex = 0; path = PercentCalculatorUITests.xctest; sourceTree = BUILT_PRODUCTS_DIR; };
		43104B792C83267900626333 /* PercentCalculatorUITests.swift */ = {isa = PBXFileReference; lastKnownFileType = sourcecode.swift; path = PercentCalculatorUITests.swift; sourceTree = "<group>"; };
		43104B7B2C83267900626333 /* PercentCalculatorUITestsLaunchTests.swift */ = {isa = PBXFileReference; lastKnownFileType = sourcecode.swift; path = PercentCalculatorUITestsLaunchTests.swift; sourceTree = "<group>"; };
/* End PBXFileReference section */

/* Begin PBXFrameworksBuildPhase section */
		43104B572C83267400626333 /* Frameworks */ = {
			isa = PBXFrameworksBuildPhase;
			buildActionMask = 2147483647;
			files = (
			);
			runOnlyForDeploymentPostprocessing = 0;
		};
		43104B682C83267900626333 /* Frameworks */ = {
			isa = PBXFrameworksBuildPhase;
			buildActionMask = 2147483647;
			files = (
			);
			runOnlyForDeploymentPostprocessing = 0;
		};
		43104B722C83267900626333 /* Frameworks */ = {
			isa = PBXFrameworksBuildPhase;
			buildActionMask = 2147483647;
			files = (
			);
			runOnlyForDeploymentPostprocessing = 0;
		};
/* End PBXFrameworksBuildPhase section */

/* Begin PBXGroup section */
		43104B512C83267400626333 = {
			isa = PBXGroup;
			children = (
				43104B5C2C83267400626333 /* PercentCalculator */,
				43104B6E2C83267900626333 /* PercentCalculatorTests */,
				43104B782C83267900626333 /* PercentCalculatorUITests */,
				43104B5B2C83267400626333 /* Products */,
			);
			sourceTree = "<group>";
		};
		43104B5B2C83267400626333 /* Products */ = {
			isa = PBXGroup;
			children = (
				43104B5A2C83267400626333 /* PercentCalculator.app */,
				43104B6B2C83267900626333 /* PercentCalculatorTests.xctest */,
				43104B752C83267900626333 /* PercentCalculatorUITests.xctest */,
			);
			name = Products;
			sourceTree = "<group>";
		};
		43104B5C2C83267400626333 /* PercentCalculator */ = {
			isa = PBXGroup;
			children = (
				43104B5D2C83267400626333 /* PercentCalculatorApp.swift */,
				43104B5F2C83267400626333 /* ContentView.swift */,
				43104B612C83267700626333 /* Assets.xcassets */,
				43104B632C83267700626333 /* PercentCalculator.entitlements */,
				43104B642C83267700626333 /* Preview Content */,
			);
			path = PercentCalculator;
			sourceTree = "<group>";
		};
		43104B642C83267700626333 /* Preview Content */ = {
			isa = PBXGroup;
			children = (
				43104B652C83267700626333 /* Preview Assets.xcassets */,
			);
			path = "Preview Content";
			sourceTree = "<group>";
		};
		43104B6E2C83267900626333 /* PercentCalculatorTests */ = {
			isa = PBXGroup;
			children = (
				43104B6F2C83267900626333 /* PercentCalculatorTests.swift */,
			);
			path = PercentCalculatorTests;
			sourceTree = "<group>";
		};
		43104B782C83267900626333 /* PercentCalculatorUITests */ = {
			isa = PBXGroup;
			children = (
				43104B792C83267900626333 /* PercentCalculatorUITests.swift */,
				43104B7B2C83267900626333 /* PercentCalculatorUITestsLaunchTests.swift */,
			);
			path = PercentCalculatorUITests;
			sourceTree = "<group>";
		};
/* End PBXGroup section */

/* Begin PBXNativeTarget section */
		43104B592C83267400626333 /* PercentCalculator */ = {
			isa = PBXNativeTarget;
			buildConfigurationList = 43104B7F2C83267900626333 /* Build configuration list for PBXNativeTarget "PercentCalculator" */;
			buildPhases = (
				43104B562C83267400626333 /* Sources */,
				43104B572C83267400626333 /* Frameworks */,
				43104B582C83267400626333 /* Resources */,
			);
			buildRules = (
			);
			dependencies = (
			);
			name = PercentCalculator;
			productName = PercentCalculator;
			productReference = 43104B5A2C83267400626333 /* PercentCalculator.app */;
			productType = "com.apple.product-type.application";
		};
		43104B6A2C83267900626333 /* PercentCalculatorTests */ = {
			isa = PBXNativeTarget;
			buildConfigurationList = 43104B822C83267900626333 /* Build configuration list for PBXNativeTarget "PercentCalculatorTests" */;
			buildPhases = (
				43104B672C83267900626333 /* Sources */,
				43104B682C83267900626333 /* Frameworks */,
				43104B692C83267900626333 /* Resources */,
			);
			buildRules = (
			);
			dependencies = (
				43104B6D2C83267900626333 /* PBXTargetDependency */,
			);
			name = PercentCalculatorTests;
			productName = PercentCalculatorTests;
			productReference = 43104B6B2C83267900626333 /* PercentCalculatorTests.xctest */;
			productType = "com.apple.product-type.bundle.unit-test";
		};
		43104B742C83267900626333 /* PercentCalculatorUITests */ = {
			isa = PBXNativeTarget;
			buildConfigurationList = 43104B852C83267900626333 /* Build configuration list for PBXNativeTarget "PercentCalculatorUITests" */;
			buildPhases = (
				43104B712C83267900626333 /* Sources */,
				43104B722C83267900626333 /* Frameworks */,
				43104B732C83267900626333 /* Resources */,
			);
			buildRules = (
			);
			dependencies = (
				43104B772C83267900626333 /* PBXTargetDependency */,
			);
			name = PercentCalculatorUITests;
			productName = PercentCalculatorUITests;
			productReference = 43104B752C83267900626333 /* PercentCalculatorUITests.xctest */;
			productType = "com.apple.product-type.bundle.ui-testing";
		};
/* End PBXNativeTarget section */

/* Begin PBXProject section */
		43104B522C83267400626333 /* Project object */ = {
			isa = PBXProject;
			attributes = {
				BuildIndependentTargetsInParallel = 1;
				LastSwiftUpdateCheck = 1540;
				LastUpgradeCheck = 1540;
				TargetAttributes = {
					43104B592C83267400626333 = {
						CreatedOnToolsVersion = 15.4;
					};
					43104B6A2C83267900626333 = {
						CreatedOnToolsVersion = 15.4;
						TestTargetID = 43104B592C83267400626333;
					};
					43104B742C83267900626333 = {
						CreatedOnToolsVersion = 15.4;
						TestTargetID = 43104B592C83267400626333;
					};
				};
			};
			buildConfigurationList = 43104B552C83267400626333 /* Build configuration list for PBXProject "PercentCalculator" */;
			compatibilityVersion = "Xcode 14.0";
			developmentRegion = en;
			hasScannedForEncodings = 0;
			knownRegions = (
				en,
				Base,
			);
			mainGroup = 43104B512C83267400626333;
			productRefGroup = 43104B5B2C83267400626333 /* Products */;
			projectDirPath = "";
			projectRoot = "";
			targets = (
				43104B592C83267400626333 /* PercentCalculator */,
				43104B6A2C83267900626333 /* PercentCalculatorTests */,
				43104B742C83267900626333 /* PercentCalculatorUITests */,
			);
		};
/* End PBXProject section */

/* Begin PBXResourcesBuildPhase section */
		43104B582C83267400626333 /* Resources */ = {
			isa = PBXResourcesBuildPhase;
			buildActionMask = 2147483647;
			files = (
				43104B662C83267700626333 /* Preview Assets.xcassets in Resources */,
				43104B622C83267700626333 /* Assets.xcassets in Resources */,
			);
			runOnlyForDeploymentPostprocessing = 0;
		};
		43104B692C83267900626333 /* Resources */ = {
			isa = PBXResourcesBuildPhase;
			buildActionMask = 2147483647;
			files = (
			);
			runOnlyForDeploymentPostprocessing = 0;
		};
		43104B732C83267900626333 /* Resources */ = {
			isa = PBXResourcesBuildPhase;
			buildActionMask = 2147483647;
			files = (
			);
			runOnlyForDeploymentPostprocessing = 0;
		};
/* End PBXResourcesBuildPhase section */

/* Begin PBXSourcesBuildPhase section */
		43104B562C83267400626333 /* Sources */ = {
			isa = PBXSourcesBuildPhase;
			buildActionMask = 2147483647;
			files = (
				43104B602C83267400626333 /* ContentView.swift in Sources */,
				43104B5E2C83267400626333 /* PercentCalculatorApp.swift in Sources */,
			);
			runOnlyForDeploymentPostprocessing = 0;
		};
		43104B672C83267900626333 /* Sources */ = {
			isa = PBXSourcesBuildPhase;
			buildActionMask = 2147483647;
			files = (
				43104B702C83267900626333 /* PercentCalculatorTests.swift in Sources */,
			);
			runOnlyForDeploymentPostprocessing = 0;
		};
		43104B712C83267900626333 /* Sources */ = {
			isa = PBXSourcesBuildPhase;
			buildActionMask = 2147483647;
			files = (
				43104B7C2C83267900626333 /* PercentCalculatorUITestsLaunchTests.swift in Sources */,
				43104B7A2C83267900626333 /* PercentCalculatorUITests.swift in Sources */,
			);
			runOnlyForDeploymentPostprocessing = 0;
		};
/* End PBXSourcesBuildPhase section */

/* Begin PBXTargetDependency section */
		43104B6D2C83267900626333 /* PBXTargetDependency */ = {
			isa = PBXTargetDependency;
			target = 43104B592C83267400626333 /* PercentCalculator */;
			targetProxy = 43104B6C2C83267900626333 /* PBXContainerItemProxy */;
		};
		43104B772C83267900626333 /* PBXTargetDependency */ = {
			isa = PBXTargetDependency;
			target = 43104B592C83267400626333 /* PercentCalculator */;
			targetProxy = 43104B762C83267900626333 /* PBXContainerItemProxy */;
		};
/* End PBXTargetDependency section */

/* Begin XCBuildConfiguration section */
		43104B7D2C83267900626333 /* Debug */ = {
			isa = XCBuildConfiguration;
			buildSettings = {
				ALWAYS_SEARCH_USER_PATHS = NO;
				ASSETCATALOG_COMPILER_GENERATE_SWIFT_ASSET_SYMBOL_EXTENSIONS = YES;
				CLANG_ANALYZER_NONNULL = YES;
				CLANG_ANALYZER_NUMBER_OBJECT_CONVERSION = YES_AGGRESSIVE;
				CLANG_CXX_LANGUAGE_STANDARD = "gnu++20";
				CLANG_ENABLE_MODULES = YES;
				CLANG_ENABLE_OBJC_ARC = YES;
				CLANG_ENABLE_OBJC_WEAK = YES;
				CLANG_WARN_BLOCK_CAPTURE_AUTORELEASING = YES;
				CLANG_WARN_BOOL_CONVERSION = YES;
				CLANG_WARN_COMMA = YES;
				CLANG_WARN_CONSTANT_CONVERSION = YES;
				CLANG_WARN_DEPRECATED_OBJC_IMPLEMENTATIONS = YES;
				CLANG_WARN_DIRECT_OBJC_ISA_USAGE = YES_ERROR;
				CLANG_WARN_DOCUMENTATION_COMMENTS = YES;
				CLANG_WARN_EMPTY_BODY = YES;
				CLANG_WARN_ENUM_CONVERSION = YES;
				CLANG_WARN_INFINITE_RECURSION = YES;
				CLANG_WARN_INT_CONVERSION = YES;
				CLANG_WARN_NON_LITERAL_NULL_CONVERSION = YES;
				CLANG_WARN_OBJC_IMPLICIT_RETAIN_SELF = YES;
				CLANG_WARN_OBJC_LITERAL_CONVERSION = YES;
				CLANG_WARN_OBJC_ROOT_CLASS = YES_ERROR;
				CLANG_WARN_QUOTED_INCLUDE_IN_FRAMEWORK_HEADER = YES;
				CLANG_WARN_RANGE_LOOP_ANALYSIS = YES;
				CLANG_WARN_STRICT_PROTOTYPES = YES;
				CLANG_WARN_SUSPICIOUS_MOVE = YES;
				CLANG_WARN_UNGUARDED_AVAILABILITY = YES_AGGRESSIVE;
				CLANG_WARN_UNREACHABLE_CODE = YES;
				CLANG_WARN__DUPLICATE_METHOD_MATCH = YES;
				COPY_PHASE_STRIP = NO;
				DEBUG_INFORMATION_FORMAT = dwarf;
				ENABLE_STRICT_OBJC_MSGSEND = YES;
				ENABLE_TESTABILITY = YES;
				ENABLE_USER_SCRIPT_SANDBOXING = YES;
				GCC_C_LANGUAGE_STANDARD = gnu17;
				GCC_DYNAMIC_NO_PIC = NO;
				GCC_NO_COMMON_BLOCKS = YES;
				GCC_OPTIMIZATION_LEVEL = 0;
				GCC_PREPROCESSOR_DEFINITIONS = (
					"DEBUG=1",
					"$(inherited)",
				);
				GCC_WARN_64_TO_32_BIT_CONVERSION = YES;
				GCC_WARN_ABOUT_RETURN_TYPE = YES_ERROR;
				GCC_WARN_UNDECLARED_SELECTOR = YES;
				GCC_WARN_UNINITIALIZED_AUTOS = YES_AGGRESSIVE;
				GCC_WARN_UNUSED_FUNCTION = YES;
				GCC_WARN_UNUSED_VARIABLE = YES;
				LOCALIZATION_PREFERS_STRING_CATALOGS = YES;
				MTL_ENABLE_DEBUG_INFO = INCLUDE_SOURCE;
				MTL_FAST_MATH = YES;
				ONLY_ACTIVE_ARCH = YES;
				SWIFT_ACTIVE_COMPILATION_CONDITIONS = "DEBUG $(inherited)";
				SWIFT_OPTIMIZATION_LEVEL = "-Onone";
			};
			name = Debug;
		};
		43104B7E2C83267900626333 /* Release */ = {
			isa = XCBuildConfiguration;
			buildSettings = {
				ALWAYS_SEARCH_USER_PATHS = NO;
				ASSETCATALOG_COMPILER_GENERATE_SWIFT_ASSET_SYMBOL_EXTENSIONS = YES;
				CLANG_ANALYZER_NONNULL = YES;
				CLANG_ANALYZER_NUMBER_OBJECT_CONVERSION = YES_AGGRESSIVE;
				CLANG_CXX_LANGUAGE_STANDARD = "gnu++20";
				CLANG_ENABLE_MODULES = YES;
				CLANG_ENABLE_OBJC_ARC = YES;
				CLANG_ENABLE_OBJC_WEAK = YES;
				CLANG_WARN_BLOCK_CAPTURE_AUTORELEASING = YES;
				CLANG_WARN_BOOL_CONVERSION = YES;
				CLANG_WARN_COMMA = YES;
				CLANG_WARN_CONSTANT_CONVERSION = YES;
				CLANG_WARN_DEPRECATED_OBJC_IMPLEMENTATIONS = YES;
				CLANG_WARN_DIRECT_OBJC_ISA_USAGE = YES_ERROR;
				CLANG_WARN_DOCUMENTATION_COMMENTS = YES;
				CLANG_WARN_EMPTY_BODY = YES;
				CLANG_WARN_ENUM_CONVERSION = YES;
				CLANG_WARN_INFINITE_RECURSION = YES;
				CLANG_WARN_INT_CONVERSION = YES;
				CLANG_WARN_NON_LITERAL_NULL_CONVERSION = YES;
				CLANG_WARN_OBJC_IMPLICIT_RETAIN_SELF = YES;
				CLANG_WARN_OBJC_LITERAL_CONVERSION = YES;
				CLANG_WARN_OBJC_ROOT_CLASS = YES_ERROR;
				CLANG_WARN_QUOTED_INCLUDE_IN_FRAMEWORK_HEADER = YES;
				CLANG_WARN_RANGE_LOOP_ANALYSIS = YES;
				CLANG_WARN_STRICT_PROTOTYPES = YES;
				CLANG_WARN_SUSPICIOUS_MOVE = YES;
				CLANG_WARN_UNGUARDED_AVAILABILITY = YES_AGGRESSIVE;
				CLANG_WARN_UNREACHABLE_CODE = YES;
				CLANG_WARN__DUPLICATE_METHOD_MATCH = YES;
				COPY_PHASE_STRIP = NO;
				DEBUG_INFORMATION_FORMAT = "dwarf-with-dsym";
				ENABLE_NS_ASSERTIONS = NO;
				ENABLE_STRICT_OBJC_MSGSEND = YES;
				ENABLE_USER_SCRIPT_SANDBOXING = YES;
				GCC_C_LANGUAGE_STANDARD = gnu17;
				GCC_NO_COMMON_BLOCKS = YES;
				GCC_WARN_64_TO_32_BIT_CONVERSION = YES;
				GCC_WARN_ABOUT_RETURN_TYPE = YES_ERROR;
				GCC_WARN_UNDECLARED_SELECTOR = YES;
				GCC_WARN_UNINITIALIZED_AUTOS = YES_AGGRESSIVE;
				GCC_WARN_UNUSED_FUNCTION = YES;
				GCC_WARN_UNUSED_VARIABLE = YES;
				LOCALIZATION_PREFERS_STRING_CATALOGS = YES;
				MTL_ENABLE_DEBUG_INFO = NO;
				MTL_FAST_MATH = YES;
				SWIFT_COMPILATION_MODE = wholemodule;
			};
			name = Release;
		};
		43104B802C83267900626333 /* Debug */ = {
			isa = XCBuildConfiguration;
			buildSettings = {
				ASSETCATALOG_COMPILER_APPICON_NAME = AppIcon;
				ASSETCATALOG_COMPILER_GLOBAL_ACCENT_COLOR_NAME = AccentColor;
				CODE_SIGN_ENTITLEMENTS = PercentCalculator/PercentCalculator.entitlements;
				CODE_SIGN_STYLE = Manual;
				CURRENT_PROJECT_VERSION = 1;
				DEVELOPMENT_ASSET_PATHS = "\"PercentCalculator/Preview Content\"";
				DEVELOPMENT_TEAM = "";
				ENABLE_PREVIEWS = YES;
				GENERATE_INFOPLIST_FILE = YES;
				INFOPLIST_KEY_CFBundleDisplayName = "Percent Calculator";
				INFOPLIST_KEY_LSApplicationCategoryType = "public.app-category.utilities";
				"INFOPLIST_KEY_UIApplicationSceneManifest_Generation[sdk=iphoneos*]" = YES;
				"INFOPLIST_KEY_UIApplicationSceneManifest_Generation[sdk=iphonesimulator*]" = YES;
				"INFOPLIST_KEY_UIApplicationSupportsIndirectInputEvents[sdk=iphoneos*]" = YES;
				"INFOPLIST_KEY_UIApplicationSupportsIndirectInputEvents[sdk=iphonesimulator*]" = YES;
				"INFOPLIST_KEY_UILaunchScreen_Generation[sdk=iphoneos*]" = YES;
				"INFOPLIST_KEY_UILaunchScreen_Generation[sdk=iphonesimulator*]" = YES;
				"INFOPLIST_KEY_UIStatusBarStyle[sdk=iphoneos*]" = UIStatusBarStyleDefault;
				"INFOPLIST_KEY_UIStatusBarStyle[sdk=iphonesimulator*]" = UIStatusBarStyleDefault;
				INFOPLIST_KEY_UISupportedInterfaceOrientations_iPad = "UIInterfaceOrientationPortrait UIInterfaceOrientationPortraitUpsideDown UIInterfaceOrientationLandscapeLeft UIInterfaceOrientationLandscapeRight";
				INFOPLIST_KEY_UISupportedInterfaceOrientations_iPhone = "UIInterfaceOrientationPortrait UIInterfaceOrientationLandscapeLeft UIInterfaceOrientationLandscapeRight";
				IPHONEOS_DEPLOYMENT_TARGET = 17.5;
				LD_RUNPATH_SEARCH_PATHS = "@executable_path/Frameworks";
				"LD_RUNPATH_SEARCH_PATHS[sdk=macosx*]" = "@executable_path/../Frameworks";
				MACOSX_DEPLOYMENT_TARGET = 14.5;
				MARKETING_VERSION = 1.0;
				PRODUCT_BUNDLE_IDENTIFIER = pieroco.PercentCalculator;
				PRODUCT_NAME = "$(TARGET_NAME)";
				PROVISIONING_PROFILE_SPECIFIER = "";
				SDKROOT = auto;
				SUPPORTED_PLATFORMS = "iphoneos iphonesimulator macosx";
				SWIFT_EMIT_LOC_STRINGS = YES;
				SWIFT_VERSION = 5.0;
				TARGETED_DEVICE_FAMILY = "1,2";
			};
			name = Debug;
		};
		43104B812C83267900626333 /* Release */ = {
			isa = XCBuildConfiguration;
			buildSettings = {
				ASSETCATALOG_COMPILER_APPICON_NAME = AppIcon;
				ASSETCATALOG_COMPILER_GLOBAL_ACCENT_COLOR_NAME = AccentColor;
				CODE_SIGN_ENTITLEMENTS = PercentCalculator/PercentCalculator.entitlements;
				CODE_SIGN_STYLE = Manual;
				CURRENT_PROJECT_VERSION = 1;
				DEVELOPMENT_ASSET_PATHS = "\"PercentCalculator/Preview Content\"";
				DEVELOPMENT_TEAM = "";
				ENABLE_PREVIEWS = YES;
				GENERATE_INFOPLIST_FILE = YES;
				INFOPLIST_KEY_CFBundleDisplayName = "Percent Calculator";
				INFOPLIST_KEY_LSApplicationCategoryType = "public.app-category.utilities";
				"INFOPLIST_KEY_UIApplicationSceneManifest_Generation[sdk=iphoneos*]" = YES;
				"INFOPLIST_KEY_UIApplicationSceneManifest_Generation[sdk=iphonesimulator*]" = YES;
				"INFOPLIST_KEY_UIApplicationSupportsIndirectInputEvents[sdk=iphoneos*]" = YES;
				"INFOPLIST_KEY_UIApplicationSupportsIndirectInputEvents[sdk=iphonesimulator*]" = YES;
				"INFOPLIST_KEY_UILaunchScreen_Generation[sdk=iphoneos*]" = YES;
				"INFOPLIST_KEY_UILaunchScreen_Generation[sdk=iphonesimulator*]" = YES;
				"INFOPLIST_KEY_UIStatusBarStyle[sdk=iphoneos*]" = UIStatusBarStyleDefault;
				"INFOPLIST_KEY_UIStatusBarStyle[sdk=iphonesimulator*]" = UIStatusBarStyleDefault;
				INFOPLIST_KEY_UISupportedInterfaceOrientations_iPad = "UIInterfaceOrientationPortrait UIInterfaceOrientationPortraitUpsideDown UIInterfaceOrientationLandscapeLeft UIInterfaceOrientationLandscapeRight";
				INFOPLIST_KEY_UISupportedInterfaceOrientations_iPhone = "UIInterfaceOrientationPortrait UIInterfaceOrientationLandscapeLeft UIInterfaceOrientationLandscapeRight";
				IPHONEOS_DEPLOYMENT_TARGET = 17.5;
				LD_RUNPATH_SEARCH_PATHS = "@executable_path/Frameworks";
				"LD_RUNPATH_SEARCH_PATHS[sdk=macosx*]" = "@executable_path/../Frameworks";
				MACOSX_DEPLOYMENT_TARGET = 14.5;
				MARKETING_VERSION = 1.0;
				PRODUCT_BUNDLE_IDENTIFIER = pieroco.PercentCalculator;
				PRODUCT_NAME = "$(TARGET_NAME)";
				PROVISIONING_PROFILE_SPECIFIER = "";
				SDKROOT = auto;
				SUPPORTED_PLATFORMS = "iphoneos iphonesimulator macosx";
				SWIFT_EMIT_LOC_STRINGS = YES;
				SWIFT_VERSION = 5.0;
				TARGETED_DEVICE_FAMILY = "1,2";
			};
			name = Release;
		};
		43104B832C83267900626333 /* Debug */ = {
			isa = XCBuildConfiguration;
			buildSettings = {
				ALWAYS_EMBED_SWIFT_STANDARD_LIBRARIES = YES;
				BUNDLE_LOADER = "$(TEST_HOST)";
				CODE_SIGN_STYLE = Automatic;
				CURRENT_PROJECT_VERSION = 1;
				GENERATE_INFOPLIST_FILE = YES;
				IPHONEOS_DEPLOYMENT_TARGET = 17.5;
				MACOSX_DEPLOYMENT_TARGET = 14.5;
				MARKETING_VERSION = 1.0;
				PRODUCT_BUNDLE_IDENTIFIER = pieroco.PercentCalculatorTests;
				PRODUCT_NAME = "$(TARGET_NAME)";
				SDKROOT = auto;
				SUPPORTED_PLATFORMS = "iphoneos iphonesimulator macosx";
				SWIFT_EMIT_LOC_STRINGS = NO;
				SWIFT_VERSION = 5.0;
				TARGETED_DEVICE_FAMILY = "1,2";
				TEST_HOST = "$(BUILT_PRODUCTS_DIR)/PercentCalculator.app/$(BUNDLE_EXECUTABLE_FOLDER_PATH)/PercentCalculator";
			};
			name = Debug;
		};
		43104B842C83267900626333 /* Release */ = {
			isa = XCBuildConfiguration;
			buildSettings = {
				ALWAYS_EMBED_SWIFT_STANDARD_LIBRARIES = YES;
				BUNDLE_LOADER = "$(TEST_HOST)";
				CODE_SIGN_STYLE = Automatic;
				CURRENT_PROJECT_VERSION = 1;
				GENERATE_INFOPLIST_FILE = YES;
				IPHONEOS_DEPLOYMENT_TARGET = 17.5;
				MACOSX_DEPLOYMENT_TARGET = 14.5;
				MARKETING_VERSION = 1.0;
				PRODUCT_BUNDLE_IDENTIFIER = pieroco.PercentCalculatorTests;
				PRODUCT_NAME = "$(TARGET_NAME)";
				SDKROOT = auto;
				SUPPORTED_PLATFORMS = "iphoneos iphonesimulator macosx";
				SWIFT_EMIT_LOC_STRINGS = NO;
				SWIFT_VERSION = 5.0;
				TARGETED_DEVICE_FAMILY = "1,2";
				TEST_HOST = "$(BUILT_PRODUCTS_DIR)/PercentCalculator.app/$(BUNDLE_EXECUTABLE_FOLDER_PATH)/PercentCalculator";
			};
			name = Release;
		};
		43104B862C83267900626333 /* Debug */ = {
			isa = XCBuildConfiguration;
			buildSettings = {
				ALWAYS_EMBED_SWIFT_STANDARD_LIBRARIES = YES;
				CODE_SIGN_STYLE = Automatic;
				CURRENT_PROJECT_VERSION = 1;
				GENERATE_INFOPLIST_FILE = YES;
				IPHONEOS_DEPLOYMENT_TARGET = 17.5;
				MACOSX_DEPLOYMENT_TARGET = 14.5;
				MARKETING_VERSION = 1.0;
				PRODUCT_BUNDLE_IDENTIFIER = pieroco.PercentCalculatorUITests;
				PRODUCT_NAME = "$(TARGET_NAME)";
				SDKROOT = auto;
				SUPPORTED_PLATFORMS = "iphoneos iphonesimulator macosx";
				SWIFT_EMIT_LOC_STRINGS = NO;
				SWIFT_VERSION = 5.0;
				TARGETED_DEVICE_FAMILY = "1,2";
				TEST_TARGET_NAME = PercentCalculator;
			};
			name = Debug;
		};
		43104B872C83267900626333 /* Release */ = {
			isa = XCBuildConfiguration;
			buildSettings = {
				ALWAYS_EMBED_SWIFT_STANDARD_LIBRARIES = YES;
				CODE_SIGN_STYLE = Automatic;
				CURRENT_PROJECT_VERSION = 1;
				GENERATE_INFOPLIST_FILE = YES;
				IPHONEOS_DEPLOYMENT_TARGET = 17.5;
				MACOSX_DEPLOYMENT_TARGET = 14.5;
				MARKETING_VERSION = 1.0;
				PRODUCT_BUNDLE_IDENTIFIER = pieroco.PercentCalculatorUITests;
				PRODUCT_NAME = "$(TARGET_NAME)";
				SDKROOT = auto;
				SUPPORTED_PLATFORMS = "iphoneos iphonesimulator macosx";
				SWIFT_EMIT_LOC_STRINGS = NO;
				SWIFT_VERSION = 5.0;
				TARGETED_DEVICE_FAMILY = "1,2";
				TEST_TARGET_NAME = PercentCalculator;
			};
			name = Release;
		};
/* End XCBuildConfiguration section */

/* Begin XCConfigurationList section */
		43104B552C83267400626333 /* Build configuration list for PBXProject "PercentCalculator" */ = {
			isa = XCConfigurationList;
			buildConfigurations = (
				43104B7D2C83267900626333 /* Debug */,
				43104B7E2C83267900626333 /* Release */,
			);
			defaultConfigurationIsVisible = 0;
			defaultConfigurationName = Release;
		};
		43104B7F2C83267900626333 /* Build configuration list for PBXNativeTarget "PercentCalculator" */ = {
			isa = XCConfigurationList;
			buildConfigurations = (
				43104B802C83267900626333 /* Debug */,
				43104B812C83267900626333 /* Release */,
			);
			defaultConfigurationIsVisible = 0;
			defaultConfigurationName = Release;
		};
		43104B822C83267900626333 /* Build configuration list for PBXNativeTarget "PercentCalculatorTests" */ = {
			isa = XCConfigurationList;
			buildConfigurations = (
				43104B832C83267900626333 /* Debug */,
				43104B842C83267900626333 /* Release */,
			);
			defaultConfigurationIsVisible = 0;
			defaultConfigurationName = Release;
		};
		43104B852C83267900626333 /* Build configuration list for PBXNativeTarget "PercentCalculatorUITests" */ = {
			isa = XCConfigurationList;
			buildConfigurations = (
				43104B862C83267900626333 /* Debug */,
				43104B872C83267900626333 /* Release */,
			);
			defaultConfigurationIsVisible = 0;
			defaultConfigurationName = Release;
		};
/* End XCConfigurationList section */
	};
	rootObject = 43104B522C83267400626333 /* Project object */;
}
